
Microsoft Visual Studio Solution File, Format Version 12.00
# Visual Studio Version 17
VisualStudioVersion = 17.5.002.0
MinimumVisualStudioVersion = 10.0.40219.1
Project("{2150E333-8FDC-42A3-9474-1A3956D46DE8}") = "csharp-prep", "csharp-prep", "{0970B832-C5A9-4BEC-812D-29FAC1EC2D3D}"
EndProject
Project("{9A19103F-16F7-4668-BE54-9A1E7A4F7556}") = "Prep1", "csharp-prep\Prep1\Prep1.csproj", "{CD0B4EC2-A7F1-4953-A7C5-C687FAE36229}"
EndProject
Project("{9A19103F-16F7-4668-BE54-9A1E7A4F7556}") = "Prep2", "csharp-prep\Prep2\Prep2.csproj", "{3795AC47-EDDF-46E8-A56C-8745CA663838}"
EndProject
Project("{9A19103F-16F7-4668-BE54-9A1E7A4F7556}") = "Prep3", "csharp-prep\Prep3\Prep3.csproj", "{B95C97F2-C5D1-4EC8-A3C9-920FF4530994}"
EndProject
Project("{9A19103F-16F7-4668-BE54-9A1E7A4F7556}") = "Prep4", "csharp-prep\Prep4\Prep4.csproj", "{E55DF5AB-51F5-4534-A69B-17302C2D82CF}"
EndProject
Project("{9A19103F-16F7-4668-BE54-9A1E7A4F7556}") = "Prep5", "csharp-prep\Prep5\Prep5.csproj", "{34AB90EA-EB7C-46FA-9915-B732D64BD463}"
EndProject
Project("{2150E333-8FDC-42A3-9474-1A3956D46DE8}") = "final", "final", "{75BB0401-2C09-469C-A97D-55375775382A}"
EndProject
Project("{9A19103F-16F7-4668-BE54-9A1E7A4F7556}") = "FinalProject", "final\FinalProject\FinalProject.csproj", "{15D33144-D8C9-42E3-A79E-27D22DCC833A}"
EndProject
Project("{9A19103F-16F7-4668-BE54-9A1E7A4F7556}") = "Foundation1", "final\Foundation1\Foundation1.csproj", "{C0978102-6F08-49E6-922B-3B72A204FDF3}"
EndProject
Project("{9A19103F-16F7-4668-BE54-9A1E7A4F7556}") = "Foundation2", "final\Foundation2\Foundation2.csproj", "{754F558C-72AA-4E7F-8593-00656EC7F9FF}"
EndProject
Project("{9A19103F-16F7-4668-BE54-9A1E7A4F7556}") = "Foundation3", "final\Foundation3\Foundation3.csproj", "{F6F6D533-E2C5-4773-A849-D0E292F43298}"
EndProject
Project("{9A19103F-16F7-4668-BE54-9A1E7A4F7556}") = "Foundation4", "final\Foundation4\Foundation4.csproj", "{7C44CC23-C6B6-4EC8-93D8-C4EEEBB603B1}"
EndProject
Project("{2150E333-8FDC-42A3-9474-1A3956D46DE8}") = "prepare", "prepare", "{533EB37E-AB4E-4711-B328-3C313867124A}"
EndProject
Project("{9A19103F-16F7-4668-BE54-9A1E7A4F7556}") = "Learning02", "prepare\Learning02\Learning02.csproj", "{E242055E-9771-4617-9EE1-C6F1D372E609}"
EndProject
Project("{9A19103F-16F7-4668-BE54-9A1E7A4F7556}") = "Learning03", "prepare\Learning03\Learning03.csproj", "{326EB860-52B0-4FFE-9795-3EA43152725F}"
EndProject
Project("{9A19103F-16F7-4668-BE54-9A1E7A4F7556}") = "Learning04", "prepare\Learning04\Learning04.csproj", "{2704724F-527E-49EF-8786-6B6007BB6552}"
EndProject
Project("{9A19103F-16F7-4668-BE54-9A1E7A4F7556}") = "Learning05", "prepare\Learning05\Learning05.csproj", "{A5B687A2-362D-4E56-BC4D-8EF471B8CD68}"
EndProject
Project("{2150E333-8FDC-42A3-9474-1A3956D46DE8}") = "prove", "prove", "{1FDBFF24-52E5-4CDD-A6E9-038F74AF9876}"
EndProject
Project("{9A19103F-16F7-4668-BE54-9A1E7A4F7556}") = "Develop02", "prove\Develop02\Develop02.csproj", "{D58C5D28-49E0-4A18-A5CF-E082B6809A72}"
EndProject
Project("{9A19103F-16F7-4668-BE54-9A1E7A4F7556}") = "Develop03", "prove\Develop03\Develop03.csproj", "{C1759258-7166-40D5-864F-F84E4F08907E}"
EndProject
Project("{9A19103F-16F7-4668-BE54-9A1E7A4F7556}") = "Develop04", "prove\Develop04\Develop04.csproj", "{2CE006F9-DA1C-44BD-9658-DA5AA32D6B3B}"
EndProject
Project("{9A19103F-16F7-4668-BE54-9A1E7A4F7556}") = "Develop05", "prove\Develop05\Develop05.csproj", "{CDC902DC-9357-41B0-80E1-DD1CD129E71B}"
EndProject
Project("{2150E333-8FDC-42A3-9474-1A3956D46DE8}") = "sandbox", "sandbox", "{7C589BBB-FAC2-4640-8385-DD1CFF0978C7}"
EndProject
Project("{9A19103F-16F7-4668-BE54-9A1E7A4F7556}") = "Sandbox", "sandbox\Sandbox\Sandbox.csproj", "{9EF068CF-B212-4A33-9BEE-819575FDFADC}"
EndProject
Global
	GlobalSection(SolutionConfigurationPlatforms) = preSolution
		Debug|Any CPU = Debug|Any CPU
		Release|Any CPU = Release|Any CPU
	EndGlobalSection
	GlobalSection(ProjectConfigurationPlatforms) = postSolution
		{CD0B4EC2-A7F1-4953-A7C5-C687FAE36229}.Debug|Any CPU.ActiveCfg = Debug|Any CPU
		{CD0B4EC2-A7F1-4953-A7C5-C687FAE36229}.Debug|Any CPU.Build.0 = Debug|Any CPU
		{CD0B4EC2-A7F1-4953-A7C5-C687FAE36229}.Release|Any CPU.ActiveCfg = Release|Any CPU
		{CD0B4EC2-A7F1-4953-A7C5-C687FAE36229}.Release|Any CPU.Build.0 = Release|Any CPU
		{3795AC47-EDDF-46E8-A56C-8745CA663838}.Debug|Any CPU.ActiveCfg = Debug|Any CPU
		{3795AC47-EDDF-46E8-A56C-8745CA663838}.Debug|Any CPU.Build.0 = Debug|Any CPU
		{3795AC47-EDDF-46E8-A56C-8745CA663838}.Release|Any CPU.ActiveCfg = Release|Any CPU
		{3795AC47-EDDF-46E8-A56C-8745CA663838}.Release|Any CPU.Build.0 = Release|Any CPU
		{B95C97F2-C5D1-4EC8-A3C9-920FF4530994}.Debug|Any CPU.ActiveCfg = Debug|Any CPU
		{B95C97F2-C5D1-4EC8-A3C9-920FF4530994}.Debug|Any CPU.Build.0 = Debug|Any CPU
		{B95C97F2-C5D1-4EC8-A3C9-920FF4530994}.Release|Any CPU.ActiveCfg = Release|Any CPU
		{B95C97F2-C5D1-4EC8-A3C9-920FF4530994}.Release|Any CPU.Build.0 = Release|Any CPU
		{E55DF5AB-51F5-4534-A69B-17302C2D82CF}.Debug|Any CPU.ActiveCfg = Debug|Any CPU
		{E55DF5AB-51F5-4534-A69B-17302C2D82CF}.Debug|Any CPU.Build.0 = Debug|Any CPU
		{E55DF5AB-51F5-4534-A69B-17302C2D82CF}.Release|Any CPU.ActiveCfg = Release|Any CPU
		{E55DF5AB-51F5-4534-A69B-17302C2D82CF}.Release|Any CPU.Build.0 = Release|Any CPU
		{34AB90EA-EB7C-46FA-9915-B732D64BD463}.Debug|Any CPU.ActiveCfg = Debug|Any CPU
		{34AB90EA-EB7C-46FA-9915-B732D64BD463}.Debug|Any CPU.Build.0 = Debug|Any CPU
		{34AB90EA-EB7C-46FA-9915-B732D64BD463}.Release|Any CPU.ActiveCfg = Release|Any CPU
		{34AB90EA-EB7C-46FA-9915-B732D64BD463}.Release|Any CPU.Build.0 = Release|Any CPU
		{15D33144-D8C9-42E3-A79E-27D22DCC833A}.Debug|Any CPU.ActiveCfg = Debug|Any CPU
		{15D33144-D8C9-42E3-A79E-27D22DCC833A}.Debug|Any CPU.Build.0 = Debug|Any CPU
		{15D33144-D8C9-42E3-A79E-27D22DCC833A}.Release|Any CPU.ActiveCfg = Release|Any CPU
		{15D33144-D8C9-42E3-A79E-27D22DCC833A}.Release|Any CPU.Build.0 = Release|Any CPU
		{C0978102-6F08-49E6-922B-3B72A204FDF3}.Debug|Any CPU.ActiveCfg = Debug|Any CPU
		{C0978102-6F08-49E6-922B-3B72A204FDF3}.Debug|Any CPU.Build.0 = Debug|Any CPU
		{C0978102-6F08-49E6-922B-3B72A204FDF3}.Release|Any CPU.ActiveCfg = Release|Any CPU
		{C0978102-6F08-49E6-922B-3B72A204FDF3}.Release|Any CPU.Build.0 = Release|Any CPU
		{754F558C-72AA-4E7F-8593-00656EC7F9FF}.Debug|Any CPU.ActiveCfg = Debug|Any CPU
		{754F558C-72AA-4E7F-8593-00656EC7F9FF}.Debug|Any CPU.Build.0 = Debug|Any CPU
		{754F558C-72AA-4E7F-8593-00656EC7F9FF}.Release|Any CPU.ActiveCfg = Release|Any CPU
		{754F558C-72AA-4E7F-8593-00656EC7F9FF}.Release|Any CPU.Build.0 = Release|Any CPU
		{F6F6D533-E2C5-4773-A849-D0E292F43298}.Debug|Any CPU.ActiveCfg = Debug|Any CPU
		{F6F6D533-E2C5-4773-A849-D0E292F43298}.Debug|Any CPU.Build.0 = Debug|Any CPU
		{F6F6D533-E2C5-4773-A849-D0E292F43298}.Release|Any CPU.ActiveCfg = Release|Any CPU
		{F6F6D533-E2C5-4773-A849-D0E292F43298}.Release|Any CPU.Build.0 = Release|Any CPU
		{7C44CC23-C6B6-4EC8-93D8-C4EEEBB603B1}.Debug|Any CPU.ActiveCfg = Debug|Any CPU
		{7C44CC23-C6B6-4EC8-93D8-C4EEEBB603B1}.Debug|Any CPU.Build.0 = Debug|Any CPU
		{7C44CC23-C6B6-4EC8-93D8-C4EEEBB603B1}.Release|Any CPU.ActiveCfg = Release|Any CPU
		{7C44CC23-C6B6-4EC8-93D8-C4EEEBB603B1}.Release|Any CPU.Build.0 = Release|Any CPU
		{E242055E-9771-4617-9EE1-C6F1D372E609}.Debug|Any CPU.ActiveCfg = Debug|Any CPU
		{E242055E-9771-4617-9EE1-C6F1D372E609}.Debug|Any CPU.Build.0 = Debug|Any CPU
		{E242055E-9771-4617-9EE1-C6F1D372E609}.Release|Any CPU.ActiveCfg = Release|Any CPU
		{E242055E-9771-4617-9EE1-C6F1D372E609}.Release|Any CPU.Build.0 = Release|Any CPU
		{326EB860-52B0-4FFE-9795-3EA43152725F}.Debug|Any CPU.ActiveCfg = Debug|Any CPU
		{326EB860-52B0-4FFE-9795-3EA43152725F}.Debug|Any CPU.Build.0 = Debug|Any CPU
		{326EB860-52B0-4FFE-9795-3EA43152725F}.Release|Any CPU.ActiveCfg = Release|Any CPU
		{326EB860-52B0-4FFE-9795-3EA43152725F}.Release|Any CPU.Build.0 = Release|Any CPU
		{2704724F-527E-49EF-8786-6B6007BB6552}.Debug|Any CPU.ActiveCfg = Debug|Any CPU
		{2704724F-527E-49EF-8786-6B6007BB6552}.Debug|Any CPU.Build.0 = Debug|Any CPU
		{2704724F-527E-49EF-8786-6B6007BB6552}.Release|Any CPU.ActiveCfg = Release|Any CPU
		{2704724F-527E-49EF-8786-6B6007BB6552}.Release|Any CPU.Build.0 = Release|Any CPU
		{A5B687A2-362D-4E56-BC4D-8EF471B8CD68}.Debug|Any CPU.ActiveCfg = Debug|Any CPU
		{A5B687A2-362D-4E56-BC4D-8EF471B8CD68}.Debug|Any CPU.Build.0 = Debug|Any CPU
		{A5B687A2-362D-4E56-BC4D-8EF471B8CD68}.Release|Any CPU.ActiveCfg = Release|Any CPU
		{A5B687A2-362D-4E56-BC4D-8EF471B8CD68}.Release|Any CPU.Build.0 = Release|Any CPU
		{D58C5D28-49E0-4A18-A5CF-E082B6809A72}.Debug|Any CPU.ActiveCfg = Debug|Any CPU
		{D58C5D28-49E0-4A18-A5CF-E082B6809A72}.Debug|Any CPU.Build.0 = Debug|Any CPU
		{D58C5D28-49E0-4A18-A5CF-E082B6809A72}.Release|Any CPU.ActiveCfg = Release|Any CPU
		{D58C5D28-49E0-4A18-A5CF-E082B6809A72}.Release|Any CPU.Build.0 = Release|Any CPU
		{C1759258-7166-40D5-864F-F84E4F08907E}.Debug|Any CPU.ActiveCfg = Debug|Any CPU
		{C1759258-7166-40D5-864F-F84E4F08907E}.Debug|Any CPU.Build.0 = Debug|Any CPU
		{C1759258-7166-40D5-864F-F84E4F08907E}.Release|Any CPU.ActiveCfg = Release|Any CPU
		{C1759258-7166-40D5-864F-F84E4F08907E}.Release|Any CPU.Build.0 = Release|Any CPU
		{2CE006F9-DA1C-44BD-9658-DA5AA32D6B3B}.Debug|Any CPU.ActiveCfg = Debug|Any CPU
		{2CE006F9-DA1C-44BD-9658-DA5AA32D6B3B}.Debug|Any CPU.Build.0 = Debug|Any CPU
		{2CE006F9-DA1C-44BD-9658-DA5AA32D6B3B}.Release|Any CPU.ActiveCfg = Release|Any CPU
		{2CE006F9-DA1C-44BD-9658-DA5AA32D6B3B}.Release|Any CPU.Build.0 = Release|Any CPU
		{CDC902DC-9357-41B0-80E1-DD1CD129E71B}.Debug|Any CPU.ActiveCfg = Debug|Any CPU
		{CDC902DC-9357-41B0-80E1-DD1CD129E71B}.Debug|Any CPU.Build.0 = Debug|Any CPU
		{CDC902DC-9357-41B0-80E1-DD1CD129E71B}.Release|Any CPU.ActiveCfg = Release|Any CPU
		{CDC902DC-9357-41B0-80E1-DD1CD129E71B}.Release|Any CPU.Build.0 = Release|Any CPU
		{9EF068CF-B212-4A33-9BEE-819575FDFADC}.Debug|Any CPU.ActiveCfg = Debug|Any CPU
		{9EF068CF-B212-4A33-9BEE-819575FDFADC}.Debug|Any CPU.Build.0 = Debug|Any CPU
		{9EF068CF-B212-4A33-9BEE-819575FDFADC}.Release|Any CPU.ActiveCfg = Release|Any CPU
		{9EF068CF-B212-4A33-9BEE-819575FDFADC}.Release|Any CPU.Build.0 = Release|Any CPU
	EndGlobalSection
	GlobalSection(SolutionProperties) = preSolution
		HideSolutionNode = FALSE
	EndGlobalSection
	GlobalSection(NestedProjects) = preSolution
		{CD0B4EC2-A7F1-4953-A7C5-C687FAE36229} = {0970B832-C5A9-4BEC-812D-29FAC1EC2D3D}
		{3795AC47-EDDF-46E8-A56C-8745CA663838} = {0970B832-C5A9-4BEC-812D-29FAC1EC2D3D}
		{B95C97F2-C5D1-4EC8-A3C9-920FF4530994} = {0970B832-C5A9-4BEC-812D-29FAC1EC2D3D}
		{E55DF5AB-51F5-4534-A69B-17302C2D82CF} = {0970B832-C5A9-4BEC-812D-29FAC1EC2D3D}
		{34AB90EA-EB7C-46FA-9915-B732D64BD463} = {0970B832-C5A9-4BEC-812D-29FAC1EC2D3D}
		{15D33144-D8C9-42E3-A79E-27D22DCC833A} = {75BB0401-2C09-469C-A97D-55375775382A}
		{C0978102-6F08-49E6-922B-3B72A204FDF3} = {75BB0401-2C09-469C-A97D-55375775382A}
		{754F558C-72AA-4E7F-8593-00656EC7F9FF} = {75BB0401-2C09-469C-A97D-55375775382A}
		{F6F6D533-E2C5-4773-A849-D0E292F43298} = {75BB0401-2C09-469C-A97D-55375775382A}
		{7C44CC23-C6B6-4EC8-93D8-C4EEEBB603B1} = {75BB0401-2C09-469C-A97D-55375775382A}
		{E242055E-9771-4617-9EE1-C6F1D372E609} = {533EB37E-AB4E-4711-B328-3C313867124A}
		{326EB860-52B0-4FFE-9795-3EA43152725F} = {533EB37E-AB4E-4711-B328-3C313867124A}
		{2704724F-527E-49EF-8786-6B6007BB6552} = {533EB37E-AB4E-4711-B328-3C313867124A}
		{A5B687A2-362D-4E56-BC4D-8EF471B8CD68} = {533EB37E-AB4E-4711-B328-3C313867124A}
		{D58C5D28-49E0-4A18-A5CF-E082B6809A72} = {1FDBFF24-52E5-4CDD-A6E9-038F74AF9876}
		{C1759258-7166-40D5-864F-F84E4F08907E} = {1FDBFF24-52E5-4CDD-A6E9-038F74AF9876}
		{2CE006F9-DA1C-44BD-9658-DA5AA32D6B3B} = {1FDBFF24-52E5-4CDD-A6E9-038F74AF9876}
		{CDC902DC-9357-41B0-80E1-DD1CD129E71B} = {1FDBFF24-52E5-4CDD-A6E9-038F74AF9876}
		{9EF068CF-B212-4A33-9BEE-819575FDFADC} = {7C589BBB-FAC2-4640-8385-DD1CFF0978C7}
	EndGlobalSection
	GlobalSection(ExtensibilityGlobals) = postSolution
		SolutionGuid = {7B287D39-C0C1-43E1-A49B-25C744602523}
	EndGlobalSection
EndGlobal
